// !$*UTF8*$!
{
	archiveVersion = 1;
	classes = {
	};
	objectVersion = 46;
	objects = {

/* Begin PBXBuildFile section */
		20C9F722191A3B63004F0451 /* Foundation.framework in Frameworks */ = {isa = PBXBuildFile; fileRef = 20C9F721191A3B63004F0451 /* Foundation.framework */; };
		20C9F724191A3B63004F0451 /* CoreGraphics.framework in Frameworks */ = {isa = PBXBuildFile; fileRef = 20C9F723191A3B63004F0451 /* CoreGraphics.framework */; };
		20C9F726191A3B63004F0451 /* UIKit.framework in Frameworks */ = {isa = PBXBuildFile; fileRef = 20C9F725191A3B63004F0451 /* UIKit.framework */; };
		20C9F72C191A3B63004F0451 /* InfoPlist.strings in Resources */ = {isa = PBXBuildFile; fileRef = 20C9F72A191A3B63004F0451 /* InfoPlist.strings */; };
		20C9F72E191A3B63004F0451 /* main.m in Sources */ = {isa = PBXBuildFile; fileRef = 20C9F72D191A3B63004F0451 /* main.m */; };
		20C9F732191A3B63004F0451 /* BRAppDelegate.m in Sources */ = {isa = PBXBuildFile; fileRef = 20C9F731191A3B63004F0451 /* BRAppDelegate.m */; };
		20C9F735191A3B63004F0451 /* Main.storyboard in Resources */ = {isa = PBXBuildFile; fileRef = 20C9F733191A3B63004F0451 /* Main.storyboard */; };
		20C9F738191A3B63004F0451 /* BRViewController.m in Sources */ = {isa = PBXBuildFile; fileRef = 20C9F737191A3B63004F0451 /* BRViewController.m */; };
		20C9F73A191A3B63004F0451 /* Images.xcassets in Resources */ = {isa = PBXBuildFile; fileRef = 20C9F739191A3B63004F0451 /* Images.xcassets */; };
		20C9F741191A3B64004F0451 /* XCTest.framework in Frameworks */ = {isa = PBXBuildFile; fileRef = 20C9F740191A3B64004F0451 /* XCTest.framework */; };
		20C9F742191A3B64004F0451 /* Foundation.framework in Frameworks */ = {isa = PBXBuildFile; fileRef = 20C9F721191A3B63004F0451 /* Foundation.framework */; };
		20C9F743191A3B64004F0451 /* UIKit.framework in Frameworks */ = {isa = PBXBuildFile; fileRef = 20C9F725191A3B63004F0451 /* UIKit.framework */; };
		20C9F74B191A3B64004F0451 /* InfoPlist.strings in Resources */ = {isa = PBXBuildFile; fileRef = 20C9F749191A3B64004F0451 /* InfoPlist.strings */; };
		20C9F74D191A3B64004F0451 /* UdpSocketsDemoTests.m in Sources */ = {isa = PBXBuildFile; fileRef = 20C9F74C191A3B64004F0451 /* UdpSocketsDemoTests.m */; };
/* End PBXBuildFile section */

/* Begin PBXContainerItemProxy section */
		20C9F744191A3B64004F0451 /* PBXContainerItemProxy */ = {
			isa = PBXContainerItemProxy;
			containerPortal = 20C9F716191A3B63004F0451 /* Project object */;
			proxyType = 1;
			remoteGlobalIDString = 20C9F71D191A3B63004F0451;
			remoteInfo = UdpSocketsDemo;
		};
/* End PBXContainerItemProxy section */

/* Begin PBXFileReference section */
		20C9F71E191A3B63004F0451 /* UdpSocketsDemo.app */ = {isa = PBXFileReference; explicitFileType = wrapper.application; includeInIndex = 0; path = UdpSocketsDemo.app; sourceTree = BUILT_PRODUCTS_DIR; };
		20C9F721191A3B63004F0451 /* Foundation.framework */ = {isa = PBXFileReference; lastKnownFileType = wrapper.framework; name = Foundation.framework; path = System/Library/Frameworks/Foundation.framework; sourceTree = SDKROOT; };
		20C9F723191A3B63004F0451 /* CoreGraphics.framework */ = {isa = PBXFileReference; lastKnownFileType = wrapper.framework; name = CoreGraphics.framework; path = System/Library/Frameworks/CoreGraphics.framework; sourceTree = SDKROOT; };
		20C9F725191A3B63004F0451 /* UIKit.framework */ = {isa = PBXFileReference; lastKnownFileType = wrapper.framework; name = UIKit.framework; path = System/Library/Frameworks/UIKit.framework; sourceTree = SDKROOT; };
		20C9F729191A3B63004F0451 /* UdpSocketsDemo-Info.plist */ = {isa = PBXFileReference; lastKnownFileType = text.plist.xml; path = "UdpSocketsDemo-Info.plist"; sourceTree = "<group>"; };
		20C9F72B191A3B63004F0451 /* en */ = {isa = PBXFileReference; lastKnownFileType = text.plist.strings; name = en; path = en.lproj/InfoPlist.strings; sourceTree = "<group>"; };
		20C9F72D191A3B63004F0451 /* main.m */ = {isa = PBXFileReference; lastKnownFileType = sourcecode.c.objc; path = main.m; sourceTree = "<group>"; };
		20C9F72F191A3B63004F0451 /* UdpSocketsDemo-Prefix.pch */ = {isa = PBXFileReference; lastKnownFileType = sourcecode.c.h; path = "UdpSocketsDemo-Prefix.pch"; sourceTree = "<group>"; };
		20C9F730191A3B63004F0451 /* BRAppDelegate.h */ = {isa = PBXFileReference; lastKnownFileType = sourcecode.c.h; path = BRAppDelegate.h; sourceTree = "<group>"; };
		20C9F731191A3B63004F0451 /* BRAppDelegate.m */ = {isa = PBXFileReference; lastKnownFileType = sourcecode.c.objc; path = BRAppDelegate.m; sourceTree = "<group>"; };
		20C9F734191A3B63004F0451 /* Base */ = {isa = PBXFileReference; lastKnownFileType = file.storyboard; name = Base; path = Base.lproj/Main.storyboard; sourceTree = "<group>"; };
		20C9F736191A3B63004F0451 /* BRViewController.h */ = {isa = PBXFileReference; lastKnownFileType = sourcecode.c.h; path = BRViewController.h; sourceTree = "<group>"; };
		20C9F737191A3B63004F0451 /* BRViewController.m */ = {isa = PBXFileReference; lastKnownFileType = sourcecode.c.objc; path = BRViewController.m; sourceTree = "<group>"; };
		20C9F739191A3B63004F0451 /* Images.xcassets */ = {isa = PBXFileReference; lastKnownFileType = folder.assetcatalog; path = Images.xcassets; sourceTree = "<group>"; };
		20C9F73F191A3B64004F0451 /* UdpSocketsDemoTests.xctest */ = {isa = PBXFileReference; explicitFileType = wrapper.cfbundle; includeInIndex = 0; path = UdpSocketsDemoTests.xctest; sourceTree = BUILT_PRODUCTS_DIR; };
		20C9F740191A3B64004F0451 /* XCTest.framework */ = {isa = PBXFileReference; lastKnownFileType = wrapper.framework; name = XCTest.framework; path = Library/Frameworks/XCTest.framework; sourceTree = DEVELOPER_DIR; };
		20C9F748191A3B64004F0451 /* UdpSocketsDemoTests-Info.plist */ = {isa = PBXFileReference; lastKnownFileType = text.plist.xml; path = "UdpSocketsDemoTests-Info.plist"; sourceTree = "<group>"; };
		20C9F74A191A3B64004F0451 /* en */ = {isa = PBXFileReference; lastKnownFileType = text.plist.strings; name = en; path = en.lproj/InfoPlist.strings; sourceTree = "<group>"; };
		20C9F74C191A3B64004F0451 /* UdpSocketsDemoTests.m */ = {isa = PBXFileReference; lastKnownFileType = sourcecode.c.objc; path = UdpSocketsDemoTests.m; sourceTree = "<group>"; };
/* End PBXFileReference section */

/* Begin PBXFrameworksBuildPhase section */
		20C9F71B191A3B63004F0451 /* Frameworks */ = {
			isa = PBXFrameworksBuildPhase;
			buildActionMask = 2147483647;
			files = (
				20C9F724191A3B63004F0451 /* CoreGraphics.framework in Frameworks */,
				20C9F726191A3B63004F0451 /* UIKit.framework in Frameworks */,
				20C9F722191A3B63004F0451 /* Foundation.framework in Frameworks */,
			);
			runOnlyForDeploymentPostprocessing = 0;
		};
		20C9F73C191A3B64004F0451 /* Frameworks */ = {
			isa = PBXFrameworksBuildPhase;
			buildActionMask = 2147483647;
			files = (
				20C9F741191A3B64004F0451 /* XCTest.framework in Frameworks */,
				20C9F743191A3B64004F0451 /* UIKit.framework in Frameworks */,
				20C9F742191A3B64004F0451 /* Foundation.framework in Frameworks */,
			);
			runOnlyForDeploymentPostprocessing = 0;
		};
/* End PBXFrameworksBuildPhase section */

/* Begin PBXGroup section */
		20C9F715191A3B63004F0451 = {
			isa = PBXGroup;
			children = (
				20C9F727191A3B63004F0451 /* UdpSocketsDemo */,
				20C9F746191A3B64004F0451 /* UdpSocketsDemoTests */,
				20C9F720191A3B63004F0451 /* Frameworks */,
				20C9F71F191A3B63004F0451 /* Products */,
			);
			sourceTree = "<group>";
		};
		20C9F71F191A3B63004F0451 /* Products */ = {
			isa = PBXGroup;
			children = (
				20C9F71E191A3B63004F0451 /* UdpSocketsDemo.app */,
				20C9F73F191A3B64004F0451 /* UdpSocketsDemoTests.xctest */,
			);
			name = Products;
			sourceTree = "<group>";
		};
		20C9F720191A3B63004F0451 /* Frameworks */ = {
			isa = PBXGroup;
			children = (
				20C9F721191A3B63004F0451 /* Foundation.framework */,
				20C9F723191A3B63004F0451 /* CoreGraphics.framework */,
				20C9F725191A3B63004F0451 /* UIKit.framework */,
				20C9F740191A3B64004F0451 /* XCTest.framework */,
			);
			name = Frameworks;
			sourceTree = "<group>";
		};
		20C9F727191A3B63004F0451 /* UdpSocketsDemo */ = {
			isa = PBXGroup;
			children = (
				20C9F730191A3B63004F0451 /* BRAppDelegate.h */,
				20C9F731191A3B63004F0451 /* BRAppDelegate.m */,
				20C9F733191A3B63004F0451 /* Main.storyboard */,
				20C9F736191A3B63004F0451 /* BRViewController.h */,
				20C9F737191A3B63004F0451 /* BRViewController.m */,
				20C9F739191A3B63004F0451 /* Images.xcassets */,
				20C9F728191A3B63004F0451 /* Supporting Files */,
			);
			path = UdpSocketsDemo;
			sourceTree = "<group>";
		};
		20C9F728191A3B63004F0451 /* Supporting Files */ = {
			isa = PBXGroup;
			children = (
				20C9F729191A3B63004F0451 /* UdpSocketsDemo-Info.plist */,
				20C9F72A191A3B63004F0451 /* InfoPlist.strings */,
				20C9F72D191A3B63004F0451 /* main.m */,
				20C9F72F191A3B63004F0451 /* UdpSocketsDemo-Prefix.pch */,
			);
			name = "Supporting Files";
			sourceTree = "<group>";
		};
		20C9F746191A3B64004F0451 /* UdpSocketsDemoTests */ = {
			isa = PBXGroup;
			children = (
				20C9F74C191A3B64004F0451 /* UdpSocketsDemoTests.m */,
				20C9F747191A3B64004F0451 /* Supporting Files */,
			);
			path = UdpSocketsDemoTests;
			sourceTree = "<group>";
		};
		20C9F747191A3B64004F0451 /* Supporting Files */ = {
			isa = PBXGroup;
			children = (
				20C9F748191A3B64004F0451 /* UdpSocketsDemoTests-Info.plist */,
				20C9F749191A3B64004F0451 /* InfoPlist.strings */,
			);
			name = "Supporting Files";
			sourceTree = "<group>";
		};
/* End PBXGroup section */

/* Begin PBXNativeTarget section */
		20C9F71D191A3B63004F0451 /* UdpSocketsDemo */ = {
			isa = PBXNativeTarget;
			buildConfigurationList = 20C9F750191A3B64004F0451 /* Build configuration list for PBXNativeTarget "UdpSocketsDemo" */;
			buildPhases = (
				20C9F71A191A3B63004F0451 /* Sources */,
				20C9F71B191A3B63004F0451 /* Frameworks */,
				20C9F71C191A3B63004F0451 /* Resources */,
			);
			buildRules = (
			);
			dependencies = (
			);
			name = UdpSocketsDemo;
			productName = UdpSocketsDemo;
			productReference = 20C9F71E191A3B63004F0451 /* UdpSocketsDemo.app */;
			productType = "com.apple.product-type.application";
		};
		20C9F73E191A3B64004F0451 /* UdpSocketsDemoTests */ = {
			isa = PBXNativeTarget;
			buildConfigurationList = 20C9F753191A3B64004F0451 /* Build configuration list for PBXNativeTarget "UdpSocketsDemoTests" */;
			buildPhases = (
				20C9F73B191A3B64004F0451 /* Sources */,
				20C9F73C191A3B64004F0451 /* Frameworks */,
				20C9F73D191A3B64004F0451 /* Resources */,
			);
			buildRules = (
			);
			dependencies = (
				20C9F745191A3B64004F0451 /* PBXTargetDependency */,
			);
			name = UdpSocketsDemoTests;
			productName = UdpSocketsDemoTests;
			productReference = 20C9F73F191A3B64004F0451 /* UdpSocketsDemoTests.xctest */;
			productType = "com.apple.product-type.bundle.unit-test";
		};
/* End PBXNativeTarget section */

/* Begin PBXProject section */
		20C9F716191A3B63004F0451 /* Project object */ = {
			isa = PBXProject;
			attributes = {
				CLASSPREFIX = BR;
				LastUpgradeCheck = 0510;
				ORGANIZATIONNAME = Brachiosoft;
				TargetAttributes = {
					20C9F73E191A3B64004F0451 = {
						TestTargetID = 20C9F71D191A3B63004F0451;
					};
				};
			};
			buildConfigurationList = 20C9F719191A3B63004F0451 /* Build configuration list for PBXProject "UdpSocketsDemo" */;
			compatibilityVersion = "Xcode 3.2";
			developmentRegion = English;
			hasScannedForEncodings = 0;
			knownRegions = (
				en,
				Base,
			);
			mainGroup = 20C9F715191A3B63004F0451;
			productRefGroup = 20C9F71F191A3B63004F0451 /* Products */;
			projectDirPath = "";
			projectRoot = "";
			targets = (
				20C9F71D191A3B63004F0451 /* UdpSocketsDemo */,
				20C9F73E191A3B64004F0451 /* UdpSocketsDemoTests */,
			);
		};
/* End PBXProject section */

/* Begin PBXResourcesBuildPhase section */
		20C9F71C191A3B63004F0451 /* Resources */ = {
			isa = PBXResourcesBuildPhase;
			buildActionMask = 2147483647;
			files = (
				20C9F73A191A3B63004F0451 /* Images.xcassets in Resources */,
				20C9F72C191A3B63004F0451 /* InfoPlist.strings in Resources */,
				20C9F735191A3B63004F0451 /* Main.storyboard in Resources */,
			);
			runOnlyForDeploymentPostprocessing = 0;
		};
		20C9F73D191A3B64004F0451 /* Resources */ = {
			isa = PBXResourcesBuildPhase;
			buildActionMask = 2147483647;
			files = (
				20C9F74B191A3B64004F0451 /* InfoPlist.strings in Resources */,
			);
			runOnlyForDeploymentPostprocessing = 0;
		};
/* End PBXResourcesBuildPhase section */

/* Begin PBXSourcesBuildPhase section */
		20C9F71A191A3B63004F0451 /* Sources */ = {
			isa = PBXSourcesBuildPhase;
			buildActionMask = 2147483647;
			files = (
				20C9F738191A3B63004F0451 /* BRViewController.m in Sources */,
				20C9F732191A3B63004F0451 /* BRAppDelegate.m in Sources */,
				20C9F72E191A3B63004F0451 /* main.m in Sources */,
			);
			runOnlyForDeploymentPostprocessing = 0;
		};
		20C9F73B191A3B64004F0451 /* Sources */ = {
			isa = PBXSourcesBuildPhase;
			buildActionMask = 2147483647;
			files = (
				20C9F74D191A3B64004F0451 /* UdpSocketsDemoTests.m in Sources */,
			);
			runOnlyForDeploymentPostprocessing = 0;
		};
/* End PBXSourcesBuildPhase section */

/* Begin PBXTargetDependency section */
		20C9F745191A3B64004F0451 /* PBXTargetDependency */ = {
			isa = PBXTargetDependency;
			target = 20C9F71D191A3B63004F0451 /* UdpSocketsDemo */;
			targetProxy = 20C9F744191A3B64004F0451 /* PBXContainerItemProxy */;
		};
/* End PBXTargetDependency section */

/* Begin PBXVariantGroup section */
		20C9F72A191A3B63004F0451 /* InfoPlist.strings */ = {
			isa = PBXVariantGroup;
			children = (
				20C9F72B191A3B63004F0451 /* en */,
			);
			name = InfoPlist.strings;
			sourceTree = "<group>";
		};
		20C9F733191A3B63004F0451 /* Main.storyboard */ = {
			isa = PBXVariantGroup;
			children = (
				20C9F734191A3B63004F0451 /* Base */,
			);
			name = Main.storyboard;
			sourceTree = "<group>";
		};
		20C9F749191A3B64004F0451 /* InfoPlist.strings */ = {
			isa = PBXVariantGroup;
			children = (
				20C9F74A191A3B64004F0451 /* en */,
			);
			name = InfoPlist.strings;
			sourceTree = "<group>";
		};
/* End PBXVariantGroup section */

/* Begin XCBuildConfiguration section */
		20C9F74E191A3B64004F0451 /* Debug */ = {
			isa = XCBuildConfiguration;
			buildSettings = {
				ALWAYS_SEARCH_USER_PATHS = NO;
				CLANG_CXX_LANGUAGE_STANDARD = "gnu++0x";
				CLANG_CXX_LIBRARY = "libc++";
				CLANG_ENABLE_MODULES = YES;
				CLANG_ENABLE_OBJC_ARC = YES;
				CLANG_WARN_BOOL_CONVERSION = YES;
				CLANG_WARN_CONSTANT_CONVERSION = YES;
				CLANG_WARN_DIRECT_OBJC_ISA_USAGE = YES_ERROR;
				CLANG_WARN_EMPTY_BODY = YES;
				CLANG_WARN_ENUM_CONVERSION = YES;
				CLANG_WARN_INT_CONVERSION = YES;
				CLANG_WARN_OBJC_ROOT_CLASS = YES_ERROR;
				CLANG_WARN__DUPLICATE_METHOD_MATCH = YES;
				"CODE_SIGN_IDENTITY[sdk=iphoneos*]" = "iPhone Developer";
				COPY_PHASE_STRIP = NO;
				GCC_C_LANGUAGE_STANDARD = gnu99;
				GCC_DYNAMIC_NO_PIC = NO;
				GCC_OPTIMIZATION_LEVEL = 0;
				GCC_PREPROCESSOR_DEFINITIONS = (
					"DEBUG=1",
					"$(inherited)",
				);
				GCC_SYMBOLS_PRIVATE_EXTERN = NO;
				GCC_WARN_64_TO_32_BIT_CONVERSION = YES;
				GCC_WARN_ABOUT_RETURN_TYPE = YES_ERROR;
				GCC_WARN_UNDECLARED_SELECTOR = YES;
				GCC_WARN_UNINITIALIZED_AUTOS = YES_AGGRESSIVE;
				GCC_WARN_UNUSED_FUNCTION = YES;
				GCC_WARN_UNUSED_VARIABLE = YES;
				IPHONEOS_DEPLOYMENT_TARGET = 7.1;
				ONLY_ACTIVE_ARCH = YES;
				SDKROOT = iphoneos;
			};
			name = Debug;
		};
		20C9F74F191A3B64004F0451 /* Release */ = {
			isa = XCBuildConfiguration;
			buildSettings = {
				ALWAYS_SEARCH_USER_PATHS = NO;
				CLANG_CXX_LANGUAGE_STANDARD = "gnu++0x";
				CLANG_CXX_LIBRARY = "libc++";
				CLANG_ENABLE_MODULES = YES;
				CLANG_ENABLE_OBJC_ARC = YES;
				CLANG_WARN_BOOL_CONVERSION = YES;
				CLANG_WARN_CONSTANT_CONVERSION = YES;
				CLANG_WARN_DIRECT_OBJC_ISA_USAGE = YES_ERROR;
				CLANG_WARN_EMPTY_BODY = YES;
				CLANG_WARN_ENUM_CONVERSION = YES;
				CLANG_WARN_INT_CONVERSION = YES;
				CLANG_WARN_OBJC_ROOT_CLASS = YES_ERROR;
				CLANG_WARN__DUPLICATE_METHOD_MATCH = YES;
				"CODE_SIGN_IDENTITY[sdk=iphoneos*]" = "iPhone Developer";
				COPY_PHASE_STRIP = YES;
				ENABLE_NS_ASSERTIONS = NO;
				GCC_C_LANGUAGE_STANDARD = gnu99;
				GCC_WARN_64_TO_32_BIT_CONVERSION = YES;
				GCC_WARN_ABOUT_RETURN_TYPE = YES_ERROR;
				GCC_WARN_UNDECLARED_SELECTOR = YES;
				GCC_WARN_UNINITIALIZED_AUTOS = YES_AGGRESSIVE;
				GCC_WARN_UNUSED_FUNCTION = YES;
				GCC_WARN_UNUSED_VARIABLE = YES;
				IPHONEOS_DEPLOYMENT_TARGET = 7.1;
				SDKROOT = iphoneos;
				VALIDATE_PRODUCT = YES;
			};
			name = Release;
		};
		20C9F751191A3B64004F0451 /* Debug */ = {
			isa = XCBuildConfiguration;
			buildSettings = {
				ASSETCATALOG_COMPILER_APPICON_NAME = AppIcon;
				ASSETCATALOG_COMPILER_LAUNCHIMAGE_NAME = LaunchImage;
				GCC_PRECOMPILE_PREFIX_HEADER = YES;
				GCC_PREFIX_HEADER = "UdpSocketsDemo/UdpSocketsDemo-Prefix.pch";
				INFOPLIST_FILE = "UdpSocketsDemo/UdpSocketsDemo-Info.plist";
				PRODUCT_NAME = "$(TARGET_NAME)";
				WRAPPER_EXTENSION = app;
			};
			name = Debug;
		};
		20C9F752191A3B64004F0451 /* Release */ = {
			isa = XCBuildConfiguration;
			buildSettings = {
				ASSETCATALOG_COMPILER_APPICON_NAME = AppIcon;
				ASSETCATALOG_COMPILER_LAUNCHIMAGE_NAME = LaunchImage;
				GCC_PRECOMPILE_PREFIX_HEADER = YES;
				GCC_PREFIX_HEADER = "UdpSocketsDemo/UdpSocketsDemo-Prefix.pch";
				INFOPLIST_FILE = "UdpSocketsDemo/UdpSocketsDemo-Info.plist";
				PRODUCT_NAME = "$(TARGET_NAME)";
				WRAPPER_EXTENSION = app;
			};
			name = Release;
		};
		20C9F754191A3B64004F0451 /* Debug */ = {
			isa = XCBuildConfiguration;
			buildSettings = {
				BUNDLE_LOADER = "$(BUILT_PRODUCTS_DIR)/UdpSocketsDemo.app/UdpSocketsDemo";
				FRAMEWORK_SEARCH_PATHS = (
					"$(SDKROOT)/Developer/Library/Frameworks",
					"$(inherited)",
					"$(DEVELOPER_FRAMEWORKS_DIR)",
				);
				GCC_PRECOMPILE_PREFIX_HEADER = YES;
				GCC_PREFIX_HEADER = "UdpSocketsDemo/UdpSocketsDemo-Prefix.pch";
				GCC_PREPROCESSOR_DEFINITIONS = (
					"DEBUG=1",
					"$(inherited)",
				);
				INFOPLIST_FILE = "UdpSocketsDemoTests/UdpSocketsDemoTests-Info.plist";
				PRODUCT_NAME = "$(TARGET_NAME)";
				TEST_HOST = "$(BUNDLE_LOADER)";
				WRAPPER_EXTENSION = xctest;
			};
			name = Debug;
		};
		20C9F755191A3B64004F0451 /* Release */ = {
			isa = XCBuildConfiguration;
			buildSettings = {
				BUNDLE_LOADER = "$(BUILT_PRODUCTS_DIR)/UdpSocketsDemo.app/UdpSocketsDemo";
				FRAMEWORK_SEARCH_PATHS = (
					"$(SDKROOT)/Developer/Library/Frameworks",
					"$(inherited)",
					"$(DEVELOPER_FRAMEWORKS_DIR)",
				);
				GCC_PRECOMPILE_PREFIX_HEADER = YES;
				GCC_PREFIX_HEADER = "UdpSocketsDemo/UdpSocketsDemo-Prefix.pch";
				INFOPLIST_FILE = "UdpSocketsDemoTests/UdpSocketsDemoTests-Info.plist";
				PRODUCT_NAME = "$(TARGET_NAME)";
				TEST_HOST = "$(BUNDLE_LOADER)";
				WRAPPER_EXTENSION = xctest;
			};
			name = Release;
		};
/* End XCBuildConfiguration section */

/* Begin XCConfigurationList section */
		20C9F719191A3B63004F0451 /* Build configuration list for PBXProject "UdpSocketsDemo" */ = {
			isa = XCConfigurationList;
			buildConfigurations = (
				20C9F74E191A3B64004F0451 /* Debug */,
				20C9F74F191A3B64004F0451 /* Release */,
			);
			defaultConfigurationIsVisible = 0;
			defaultConfigurationName = Release;
		};
		20C9F750191A3B64004F0451 /* Build configuration list for PBXNativeTarget "UdpSocketsDemo" */ = {
			isa = XCConfigurationList;
			buildConfigurations = (
				20C9F751191A3B64004F0451 /* Debug */,
				20C9F752191A3B64004F0451 /* Release */,
			);
			defaultConfigurationIsVisible = 0;
		};
		20C9F753191A3B64004F0451 /* Build configuration list for PBXNativeTarget "UdpSocketsDemoTests" */ = {
			isa = XCConfigurationList;
			buildConfigurations = (
				20C9F754191A3B64004F0451 /* Debug */,
				20C9F755191A3B64004F0451 /* Release */,
			);
			defaultConfigurationIsVisible = 0;
		};
/* End XCConfigurationList section */
	};
	rootObject = 20C9F716191A3B63004F0451 /* Project object */;
}
